
Microsoft Visual Studio Solution File, Format Version 12.00
# Visual Studio Version 16
VisualStudioVersion = 16.0.32901.82
MinimumVisualStudioVersion = 10.0.40219.1
Project("{FAE04EC0-301F-11D3-BF4B-00C04F79EFBC}") = "EfeRPC Client", "EfeRPC Client\EfeRPC Client.csproj", "{3693A2DD-4D2A-4DB3-8B3C-26A5CB3CA8BC}"
EndProject
Global
	GlobalSection(SolutionConfigurationPlatforms) = preSolution
		Debug|Any CPU = Debug|Any CPU
		Release|Any CPU = Release|Any CPU
	EndGlobalSection
	GlobalSection(ProjectConfigurationPlatforms) = postSolution
		{3693A2DD-4D2A-4DB3-8B3C-26A5CB3CA8BC}.Debug|Any CPU.ActiveCfg = Debug|Any CPU
		{3693A2DD-4D2A-4DB3-8B3C-26A5CB3CA8BC}.Debug|Any CPU.Build.0 = Debug|Any CPU
		{3693A2DD-4D2A-4DB3-8B3C-26A5CB3CA8BC}.Release|Any CPU.ActiveCfg = Release|Any CPU
		{3693A2DD-4D2A-4DB3-8B3C-26A5CB3CA8BC}.Release|Any CPU.Build.0 = Release|Any CPU
	EndGlobalSection
	GlobalSection(SolutionProperties) = preSolution
		HideSolutionNode = FALSE
	EndGlobalSection
	GlobalSection(ExtensibilityGlobals) = postSolution
		SolutionGuid = {B9B70BBE-2875-446B-9DFA-BA93046792C3}
	EndGlobalSection
EndGlobal
